{
  "name": "Mongri",
  "version": "0.0.1",
  "lockfileVersion": 1,
  "requires": true,
  "dependencies": {
    "async": {
      "version": "0.9.0",
      "resolved": "https://registry.npmjs.org/async/-/async-0.9.0.tgz",
      "integrity": "sha1-rDYTsdqb7RtHUQu0ZRuJMeRxRsc="
    },
    "basic-auth": {
      "version": "1.1.0",
      "resolved": "https://registry.npmjs.org/basic-auth/-/basic-auth-1.1.0.tgz",
      "integrity": "sha1-RSIe5Cn37h5QNb4/UVM/HN/SmIQ="
    },
    "bluebird": {
      "version": "3.5.0",
      "resolved": "https://registry.npmjs.org/bluebird/-/bluebird-3.5.0.tgz",
      "integrity": "sha1-eRQg1/VR7qKJdFOop3ZT+WYG1nw="
    },
    "body-parser": {
      "version": "1.2.0",
      "resolved": "https://registry.npmjs.org/body-parser/-/body-parser-1.2.0.tgz",
      "integrity": "sha1-9iR8yI1MZzwwqSbXT+NsF3uYRuA=",
      "requires": {
        "bytes": "1.0.0",
        "qs": "0.6.6",
        "raw-body": "1.1.4",
        "type-is": "1.2.0"
      },
      "dependencies": {
        "bytes": {
          "version": "1.0.0",
          "resolved": "https://registry.npmjs.org/bytes/-/bytes-1.0.0.tgz",
          "integrity": "sha1-NWnt6Lo0MV+rmcPpLLBMciDeH6g="
        },
        "mime": {
          "version": "1.2.11",
          "resolved": "https://registry.npmjs.org/mime/-/mime-1.2.11.tgz",
          "integrity": "sha1-WCA+7Ybjpe8XrtK32evUfwpg3RA="
        },
        "qs": {
          "version": "0.6.6",
          "resolved": "https://registry.npmjs.org/qs/-/qs-0.6.6.tgz",
          "integrity": "sha1-bgFQmP9RlouKPIGQAdXyyJvEsQc="
        },
        "raw-body": {
          "version": "1.1.4",
          "resolved": "https://registry.npmjs.org/raw-body/-/raw-body-1.1.4.tgz",
          "integrity": "sha1-8LViQ4jQMfY9oH+HDIbLnMrctn0=",
          "requires": {
            "bytes": "0.3.0"
          },
          "dependencies": {
            "bytes": {
              "version": "0.3.0",
              "resolved": "https://registry.npmjs.org/bytes/-/bytes-0.3.0.tgz",
              "integrity": "sha1-eOLg4ox/nHuYjqiu4NtNX6mUGTU="
            }
          }
        },
        "type-is": {
          "version": "1.2.0",
          "resolved": "https://registry.npmjs.org/type-is/-/type-is-1.2.0.tgz",
          "integrity": "sha1-qaqj8gFIUNSBNmP2xxTPYxgZUTg=",
          "requires": {
            "mime": "1.2.11"
          }
        }
      }
    },
    "bson": {
      "version": "1.0.4",
      "resolved": "https://registry.npmjs.org/bson/-/bson-1.0.4.tgz",
      "integrity": "sha1-k8ENOeqltYQVy8QFLz5T5WKwtyw="
    },
    "buffer-shims": {
      "version": "1.0.0",
      "resolved": "https://registry.npmjs.org/buffer-shims/-/buffer-shims-1.0.0.tgz",
      "integrity": "sha1-mXjOMXOIxkmth5MCjDR37wRKi1E="
    },
    "cookie-session": {
      "version": "1.0.2",
      "resolved": "https://registry.npmjs.org/cookie-session/-/cookie-session-1.0.2.tgz",
      "integrity": "sha1-lImaxKchvevPsvYq2qqJ/9u9jvg=",
      "requires": {
        "cookies": "0.4.1",
        "debug": "https://registry.npmjs.org/debug/-/debug-3.1.0.tgz"
      },
      "dependencies": {
        "cookies": {
          "version": "0.4.1",
          "resolved": "https://registry.npmjs.org/cookies/-/cookies-0.4.1.tgz",
          "integrity": "sha1-fUO9AFg8mFrMAyJYuXmIt9A7Yp4=",
          "requires": {
            "keygrip": "1.0.2"
          }
        },
        "keygrip": {
          "version": "1.0.2",
          "resolved": "https://registry.npmjs.org/keygrip/-/keygrip-1.0.2.tgz",
          "integrity": "sha1-rTKXxVcGneqLz+ek+kkbdcXd65E="
        }
      }
    },
    "core-util-is": {
      "version": "1.0.2",
      "resolved": "https://registry.npmjs.org/core-util-is/-/core-util-is-1.0.2.tgz",
      "integrity": "sha1-tf1UIgqivFq1eqtxQMlAdUUDwac="
    },
    "debug": {
      "version": "https://registry.npmjs.org/debug/-/debug-3.1.0.tgz",
      "integrity": "sha1-W7WgZyYotkFJVmuhaBnmFRjGcmE=",
      "requires": {
        "ms": "https://registry.npmjs.org/ms/-/ms-2.0.0.tgz"
      }
    },
    "es6-promise": {
      "version": "3.2.1",
      "resolved": "https://registry.npmjs.org/es6-promise/-/es6-promise-3.2.1.tgz",
      "integrity": "sha1-7FYjOGgDKQkgcXDDlEjiREndH8Q="
    },
    "express": {
      "version": "4.2.0",
      "resolved": "https://registry.npmjs.org/express/-/express-4.2.0.tgz",
      "integrity": "sha1-MSGZOkUSZpPov4l677TdeDdi3GA=",
      "requires": {
        "accepts": "1.0.1",
        "buffer-crc32": "0.2.1",
        "cookie": "0.1.2",
        "cookie-signature": "1.0.3",
        "debug": "0.8.1",
        "escape-html": "1.0.1",
        "fresh": "0.2.2",
        "merge-descriptors": "0.0.2",
        "methods": "1.0.0",
        "parseurl": "1.0.1",
        "path-to-regexp": "0.1.2",
        "qs": "0.6.6",
        "range-parser": "1.0.0",
        "send": "0.3.0",
        "serve-static": "1.1.0",
        "type-is": "1.1.0",
        "utils-merge": "1.0.0"
      },
      "dependencies": {
        "accepts": {
          "version": "1.0.1",
          "resolved": "https://registry.npmjs.org/accepts/-/accepts-1.0.1.tgz",
          "integrity": "sha1-weBtYT5iRrqHRnjW2bkjibfOMQw=",
          "requires": {
            "mime": "1.2.11",
            "negotiator": "0.4.9"
          }
        },
        "buffer-crc32": {
          "version": "0.2.1",
          "resolved": "https://registry.npmjs.org/buffer-crc32/-/buffer-crc32-0.2.1.tgz",
          "integrity": "sha1-vj5TgvwCttYySVasGvmKqYsIU0w="
        },
        "cookie": {
          "version": "0.1.2",
          "resolved": "https://registry.npmjs.org/cookie/-/cookie-0.1.2.tgz",
          "integrity": "sha1-cv7D0k5Io0Mgc9kMEmQgBQYQBLE="
        },
        "cookie-signature": {
          "version": "1.0.3",
          "resolved": "https://registry.npmjs.org/cookie-signature/-/cookie-signature-1.0.3.tgz",
          "integrity": "sha1-kc2ZfMUftkFZVzjGnNoCAyj1D/k="
        },
        "debug": {
          "version": "0.8.1",
          "resolved": "https://registry.npmjs.org/debug/-/debug-0.8.1.tgz",
          "integrity": "sha1-IP9NJvXkIstoobrLu2EDmtjBwTA="
        },
        "escape-html": {
          "version": "1.0.1",
          "resolved": "https://registry.npmjs.org/escape-html/-/escape-html-1.0.1.tgz",
          "integrity": "sha1-GBoobq05ejmpKFfPsdQwUuNWv/A="
        },
        "fresh": {
          "version": "0.2.2",
          "resolved": "https://registry.npmjs.org/fresh/-/fresh-0.2.2.tgz",
          "integrity": "sha1-lzHc9WeMf660T7kDxPct9VGH+nc="
        },
        "merge-descriptors": {
          "version": "0.0.2",
          "resolved": "https://registry.npmjs.org/merge-descriptors/-/merge-descriptors-0.0.2.tgz",
          "integrity": "sha1-w2pSp4FDdRPFcnXzndnTF1FKyMc="
        },
        "methods": {
          "version": "1.0.0",
          "resolved": "https://registry.npmjs.org/methods/-/methods-1.0.0.tgz",
          "integrity": "sha1-mnPYY3XfzvJu9hyj5Lii4lOKgOM="
        },
        "mime": {
          "version": "1.2.11",
          "resolved": "https://registry.npmjs.org/mime/-/mime-1.2.11.tgz",
          "integrity": "sha1-WCA+7Ybjpe8XrtK32evUfwpg3RA="
        },
        "negotiator": {
          "version": "0.4.9",
          "resolved": "https://registry.npmjs.org/negotiator/-/negotiator-0.4.9.tgz",
          "integrity": "sha1-kuRrbbU8fkIe1koryU8IvnYw3z8="
        },
        "parseurl": {
          "version": "1.0.1",
          "resolved": "https://registry.npmjs.org/parseurl/-/parseurl-1.0.1.tgz",
          "integrity": "sha1-Llfc5u/dN8NRhwEDCUTCK/OIt7Q="
        },
        "path-to-regexp": {
          "version": "0.1.2",
          "resolved": "https://registry.npmjs.org/path-to-regexp/-/path-to-regexp-0.1.2.tgz",
          "integrity": "sha1-mysVH5zDAYye6lDKlXKeBXgXErQ="
        },
        "qs": {
          "version": "0.6.6",
          "resolved": "https://registry.npmjs.org/qs/-/qs-0.6.6.tgz",
          "integrity": "sha1-bgFQmP9RlouKPIGQAdXyyJvEsQc="
        },
        "range-parser": {
          "version": "1.0.0",
          "resolved": "https://registry.npmjs.org/range-parser/-/range-parser-1.0.0.tgz",
          "integrity": "sha1-pLJkz+C+XONqvjdlrJwqJIdG28A="
        },
        "send": {
          "version": "0.3.0",
          "resolved": "https://registry.npmjs.org/send/-/send-0.3.0.tgz",
          "integrity": "sha1-lxgyRjSAb8dbxPj15R9X2dZmBuc=",
          "requires": {
            "buffer-crc32": "0.2.1",
            "debug": "0.8.0",
            "fresh": "0.2.2",
            "mime": "1.2.11",
            "range-parser": "1.0.0"
          },
          "dependencies": {
            "debug": {
              "version": "0.8.0",
              "resolved": "https://registry.npmjs.org/debug/-/debug-0.8.0.tgz",
              "integrity": "sha1-BUHqkfDlA/3wxe7UGKMlUCNJZ/A="
            }
          }
        },
        "serve-static": {
          "version": "1.1.0",
          "resolved": "https://registry.npmjs.org/serve-static/-/serve-static-1.1.0.tgz",
          "integrity": "sha1-RU36Bbs93U5wGokVuDoniqkcVkM=",
          "requires": {
            "parseurl": "1.0.1",
            "send": "0.3.0"
          }
        },
        "type-is": {
          "version": "1.1.0",
          "resolved": "https://registry.npmjs.org/type-is/-/type-is-1.1.0.tgz",
          "integrity": "sha1-0CReyLJnZmjVndDPMlUGBnalfbY=",
          "requires": {
            "mime": "1.2.11"
          }
        },
        "utils-merge": {
          "version": "1.0.0",
          "resolved": "https://registry.npmjs.org/utils-merge/-/utils-merge-1.0.0.tgz",
          "integrity": "sha1-ApT7kiu5N1FTVBxPcJYjHyh8ivg="
        }
      }
    },
    "hooks-fixed": {
      "version": "2.0.2",
      "resolved": "https://registry.npmjs.org/hooks-fixed/-/hooks-fixed-2.0.2.tgz",
      "integrity": "sha512-YurCM4gQSetcrhwEtpQHhQ4M7Zo7poNGqY4kQGeBS6eZtOcT3tnNs01ThFa0jYBByAiYt1MjMjP/YApG0EnAvQ=="
    },
    "inherits": {
      "version": "2.0.3",
      "resolved": "https://registry.npmjs.org/inherits/-/inherits-2.0.3.tgz",
      "integrity": "sha1-Yzwsg+PaQqUC9SRmAiSA9CCCYd4="
    },
    "isarray": {
      "version": "1.0.0",
      "resolved": "https://registry.npmjs.org/isarray/-/isarray-1.0.0.tgz",
      "integrity": "sha1-u5NdSFgsuhaMBoNJV6VKPgcSTxE="
    },
    "jade": {
      "version": "1.3.1",
      "resolved": "https://registry.npmjs.org/jade/-/jade-1.3.1.tgz",
      "integrity": "sha1-dIPYSLhxTcUKQNqYsECXkLN0IWs=",
      "requires": {
        "character-parser": "1.2.0",
        "commander": "2.1.0",
        "constantinople": "2.0.1",
        "mkdirp": "0.3.5",
        "monocle": "1.1.51",
        "transformers": "2.1.0",
        "with": "3.0.1"
      },
      "dependencies": {
        "amdefine": {
          "version": "1.0.1",
          "resolved": "https://registry.npmjs.org/amdefine/-/amdefine-1.0.1.tgz",
          "integrity": "sha1-SlKCrBZHKek2Gbz9OtFR+BfOkfU="
        },
        "async": {
          "version": "0.2.10",
          "resolved": "https://registry.npmjs.org/async/-/async-0.2.10.tgz",
          "integrity": "sha1-trvgsGdLnXGXCMo43owjfLUmw9E="
        },
        "balanced-match": {
          "version": "1.0.0",
          "resolved": "https://registry.npmjs.org/balanced-match/-/balanced-match-1.0.0.tgz",
          "integrity": "sha1-ibTRmasr7kneFk6gK4nORi1xt2c="
        },
        "brace-expansion": {
          "version": "1.1.8",
          "resolved": "https://registry.npmjs.org/brace-expansion/-/brace-expansion-1.1.8.tgz",
          "integrity": "sha1-wHshHHyVLsH479Uad+8NHTmQopI=",
          "requires": {
            "balanced-match": "1.0.0",
            "concat-map": "0.0.1"
          }
        },
        "camelcase": {
          "version": "1.2.1",
          "resolved": "https://registry.npmjs.org/camelcase/-/camelcase-1.2.1.tgz",
          "integrity": "sha1-m7UwTS4LVmmLLHWLCKPqqdqlijk="
        },
        "character-parser": {
          "version": "1.2.0",
          "resolved": "https://registry.npmjs.org/character-parser/-/character-parser-1.2.0.tgz",
          "integrity": "sha1-lBNNbl2HCjm+NZ99IkYJNRhN3vY="
        },
        "commander": {
          "version": "2.1.0",
          "resolved": "https://registry.npmjs.org/commander/-/commander-2.1.0.tgz",
          "integrity": "sha1-0SG7roYNmZKj1Re6lvVliOR8Z4E="
        },
        "concat-map": {
          "version": "0.0.1",
          "resolved": "https://registry.npmjs.org/concat-map/-/concat-map-0.0.1.tgz",
          "integrity": "sha1-2Klr13/Wjfd5OnMDajug1UBdR3s="
        },
        "constantinople": {
          "version": "2.0.1",
          "resolved": "https://registry.npmjs.org/constantinople/-/constantinople-2.0.1.tgz",
          "integrity": "sha1-WCn4VvMBqb2xB9k1932OuMzsTHk=",
          "requires": {
            "uglify-js": "2.4.24"
          }
        },
        "css": {
          "version": "1.0.8",
          "resolved": "https://registry.npmjs.org/css/-/css-1.0.8.tgz",
          "integrity": "sha1-k4aBHKgrzMnuf7WnMrHioxfIo+c=",
          "requires": {
            "css-parse": "1.0.4",
            "css-stringify": "1.0.5"
          }
        },
        "css-parse": {
          "version": "1.0.4",
          "resolved": "https://registry.npmjs.org/css-parse/-/css-parse-1.0.4.tgz",
          "integrity": "sha1-OLBQP7+dqfVOnB29pg4UXHcRe90="
        },
        "css-stringify": {
          "version": "1.0.5",
          "resolved": "https://registry.npmjs.org/css-stringify/-/css-stringify-1.0.5.tgz",
          "integrity": "sha1-sNBClG2ylTu50pKQCmy19tASIDE="
        },
        "decamelize": {
          "version": "1.2.0",
          "resolved": "https://registry.npmjs.org/decamelize/-/decamelize-1.2.0.tgz",
          "integrity": "sha1-9lNNFRSCabIDUue+4m9QH5oZEpA="
        },
        "is-promise": {
          "version": "1.0.1",
          "resolved": "https://registry.npmjs.org/is-promise/-/is-promise-1.0.1.tgz",
          "integrity": "sha1-MVc3YcBX4zwukaq56W2gjO++duU="
        },
        "minimatch": {
          "version": "3.0.4",
          "resolved": "https://registry.npmjs.org/minimatch/-/minimatch-3.0.4.tgz",
          "integrity": "sha512-yJHVQEhyqPLUTgt9B83PXu6W3rx4MvvHvSUvToogpwoGDOUQ+yDrR0HRot+yOCdCO7u4hX3pWft6kWBBcqh0UA==",
          "requires": {
            "brace-expansion": "1.1.8"
          }
        },
        "mkdirp": {
          "version": "0.3.5",
          "resolved": "https://registry.npmjs.org/mkdirp/-/mkdirp-0.3.5.tgz",
          "integrity": "sha1-3j5fiWHIjHh+4TaN+EmsRBPsqNc="
        },
        "monocle": {
          "version": "1.1.51",
          "resolved": "https://registry.npmjs.org/monocle/-/monocle-1.1.51.tgz",
          "integrity": "sha1-Iu0W4RLpsFZ2nFzKySDjdSSdicA=",
          "requires": {
            "readdirp": "0.2.5"
          }
        },
        "optimist": {
          "version": "0.3.7",
          "resolved": "https://registry.npmjs.org/optimist/-/optimist-0.3.7.tgz",
          "integrity": "sha1-yQlBrVnkJzMokjB00s8ufLxuwNk=",
          "requires": {
            "wordwrap": "0.0.2"
          }
        },
        "promise": {
          "version": "2.0.0",
          "resolved": "https://registry.npmjs.org/promise/-/promise-2.0.0.tgz",
          "integrity": "sha1-RmSKqdYFr10ucMMCS/WUNtoCuA4=",
          "requires": {
            "is-promise": "1.0.1"
          }
        },
        "readdirp": {
          "version": "0.2.5",
          "resolved": "https://registry.npmjs.org/readdirp/-/readdirp-0.2.5.tgz",
          "integrity": "sha1-xMJ25Sl3riXbUZH+UdAIVQ8V2bs=",
          "requires": {
            "minimatch": "3.0.4"
          }
        },
        "source-map": {
          "version": "0.1.34",
          "resolved": "https://registry.npmjs.org/source-map/-/source-map-0.1.34.tgz",
          "integrity": "sha1-p8/omux7FoLDsZjQrPtH19CQVms=",
          "requires": {
            "amdefine": "1.0.1"
          }
        },
        "transformers": {
          "version": "2.1.0",
          "resolved": "https://registry.npmjs.org/transformers/-/transformers-2.1.0.tgz",
          "integrity": "sha1-XSPLNVYd2F3Gf7hIIwm0fVPM6ac=",
          "requires": {
            "css": "1.0.8",
            "promise": "2.0.0",
            "uglify-js": "2.2.5"
          },
          "dependencies": {
            "uglify-js": {
              "version": "2.2.5",
              "resolved": "https://registry.npmjs.org/uglify-js/-/uglify-js-2.2.5.tgz",
              "integrity": "sha1-puAqcNg5eSuXgEiLe4sYTAlcmcc=",
              "requires": {
                "optimist": "0.3.7",
                "source-map": "0.1.34"
              }
            }
          }
        },
        "uglify-js": {
          "version": "2.4.24",
          "resolved": "https://registry.npmjs.org/uglify-js/-/uglify-js-2.4.24.tgz",
          "integrity": "sha1-+tV1XB4Vd2WLsG/5q25UjJW+vW4=",
          "requires": {
            "async": "0.2.10",
            "source-map": "0.1.34",
            "uglify-to-browserify": "1.0.2",
            "yargs": "3.5.4"
          }
        },
        "uglify-to-browserify": {
          "version": "1.0.2",
          "resolved": "https://registry.npmjs.org/uglify-to-browserify/-/uglify-to-browserify-1.0.2.tgz",
          "integrity": "sha1-bgkk1r2mta/jSeOabWMoUKD4grc="
        },
        "window-size": {
          "version": "0.1.0",
          "resolved": "https://registry.npmjs.org/window-size/-/window-size-0.1.0.tgz",
          "integrity": "sha1-VDjNLqk7IC76Ohn+iIeu58lPnJ0="
        },
        "with": {
          "version": "3.0.1",
          "resolved": "https://registry.npmjs.org/with/-/with-3.0.1.tgz",
          "integrity": "sha1-CDVNpBAkPPYXP7FCuwTmxm+W+FQ=",
          "requires": {
            "uglify-js": "2.4.24"
          }
        },
        "wordwrap": {
          "version": "0.0.2",
          "resolved": "https://registry.npmjs.org/wordwrap/-/wordwrap-0.0.2.tgz",
          "integrity": "sha1-t5Zpu0LstAn4PVg8rVLKF+qhZD8="
        },
        "yargs": {
          "version": "3.5.4",
          "resolved": "https://registry.npmjs.org/yargs/-/yargs-3.5.4.tgz",
          "integrity": "sha1-2K/49mXpTDS9JZvevRv68N3TU2E=",
          "requires": {
            "camelcase": "1.2.1",
            "decamelize": "1.2.0",
            "window-size": "0.1.0",
            "wordwrap": "0.0.2"
          }
        }
      }
    },
    "kareem": {
      "version": "1.5.0",
      "resolved": "https://registry.npmjs.org/kareem/-/kareem-1.5.0.tgz",
      "integrity": "sha1-4+QQHZ3P3imXadr0tNtk2JXRdEg="
    },
    "lodash": {
      "version": "2.4.1",
      "resolved": "https://registry.npmjs.org/lodash/-/lodash-2.4.1.tgz",
      "integrity": "sha1-W3cjA03aTSYuWkb7LFjXzCL3FCA="
    },
    "lodash.get": {
      "version": "4.4.2",
      "resolved": "https://registry.npmjs.org/lodash.get/-/lodash.get-4.4.2.tgz",
      "integrity": "sha1-LRd/ZS+jHpObRDjVNBSZ36OCXpk="
    },
    "method-override": {
      "version": "1.0.0",
      "resolved": "https://registry.npmjs.org/method-override/-/method-override-1.0.0.tgz",
      "integrity": "sha1-nlv72A87ngQ4Ad0/5gu6sPFbX2E=",
      "requires": {
        "methods": "https://registry.npmjs.org/methods/-/methods-1.0.0.tgz"
      }
    },
    "methods": {
      "version": "https://registry.npmjs.org/methods/-/methods-1.0.0.tgz",
      "integrity": "sha1-mnPYY3XfzvJu9hyj5Lii4lOKgOM="
    },
    "mongodb": {
      "version": "2.2.33",
      "resolved": "https://registry.npmjs.org/mongodb/-/mongodb-2.2.33.tgz",
      "integrity": "sha1-tTfEcdNKZlG0jzb9vyl1A0Dgi1A=",
      "requires": {
        "es6-promise": "3.2.1",
        "mongodb-core": "2.1.17",
        "readable-stream": "2.2.7"
      }
    },
    "mongodb-core": {
      "version": "2.1.17",
      "resolved": "https://registry.npmjs.org/mongodb-core/-/mongodb-core-2.1.17.tgz",
      "integrity": "sha1-pBizN6FKFJkPtRC5I97mqBMXPfg=",
      "requires": {
        "bson": "1.0.4",
        "require_optional": "1.0.1"
      }
    },
    "mongoose": {
      "version": "4.13.7",
      "resolved": "https://registry.npmjs.org/mongoose/-/mongoose-4.13.7.tgz",
      "integrity": "sha512-3VPcGQWaTzT/OVK+TpE9dGpNHBnEqFX2RmbFr1XvbsKmxPsL9kaRBSHqaQ8QEMd6CUeOYMRdH1pKRrlnCenRsg==",
      "requires": {
        "async": "2.1.4",
        "bson": "1.0.4",
        "hooks-fixed": "2.0.2",
        "kareem": "1.5.0",
        "lodash.get": "4.4.2",
        "mongodb": "2.2.33",
        "mpath": "0.3.0",
        "mpromise": "0.5.5",
        "mquery": "2.3.3",
        "ms": "https://registry.npmjs.org/ms/-/ms-2.0.0.tgz",
        "muri": "1.3.0",
        "regexp-clone": "0.0.1",
        "sliced": "1.0.1"
      },
      "dependencies": {
        "async": {
          "version": "2.1.4",
          "resolved": "https://registry.npmjs.org/async/-/async-2.1.4.tgz",
          "integrity": "sha1-LSFgx3iAMuTdbL4lAvH5osj2zeQ=",
          "requires": {
            "lodash": "4.17.4"
          }
        },
        "lodash": {
          "version": "4.17.4",
          "resolved": "https://registry.npmjs.org/lodash/-/lodash-4.17.4.tgz",
          "integrity": "sha1-eCA6TRwyiuHYbcpkYONptX9AVa4="
        }
      }
    },
    "morgan": {
      "version": "1.0.1",
      "resolved": "https://registry.npmjs.org/morgan/-/morgan-1.0.1.tgz",
      "integrity": "sha1-glCl1xHeYlRTAilFNE1NZ2JjDGQ=",
      "requires": {
        "bytes": "0.3.0"
      },
      "dependencies": {
        "bytes": {
          "version": "0.3.0",
          "resolved": "https://registry.npmjs.org/bytes/-/bytes-0.3.0.tgz",
          "integrity": "sha1-eOLg4ox/nHuYjqiu4NtNX6mUGTU="
        }
      }
    },
    "mpath": {
      "version": "0.3.0",
      "resolved": "https://registry.npmjs.org/mpath/-/mpath-0.3.0.tgz",
      "integrity": "sha1-elj3iem1/TyUUgY0FXlg8mvV70Q="
    },
    "mpromise": {
      "version": "0.5.5",
      "resolved": "https://registry.npmjs.org/mpromise/-/mpromise-0.5.5.tgz",
      "integrity": "sha1-9bJCWddjrMIlewoMjG2Gb9UXMuY="
    },
    "mquery": {
      "version": "2.3.3",
      "resolved": "https://registry.npmjs.org/mquery/-/mquery-2.3.3.tgz",
      "integrity": "sha512-NC8L14kn+qxJbbJ1gbcEMDxF0sC3sv+1cbRReXXwVvowcwY1y9KoVZFq0ebwARibsadu8lx8nWGvm3V0Pf0ZWQ==",
      "requires": {
        "bluebird": "3.5.0",
        "debug": "2.6.9",
        "regexp-clone": "0.0.1",
        "sliced": "0.0.5"
      },
      "dependencies": {
        "debug": {
          "version": "2.6.9",
          "resolved": "https://registry.npmjs.org/debug/-/debug-2.6.9.tgz",
          "integrity": "sha512-bC7ElrdJaJnPbAP+1EotYvqZsb3ecl5wi6Bfi6BJTUcNowp6cvspg0jXznRTKDjm/E7AdgFBVeAPVMNcKGsHMA==",
          "requires": {
            "ms": "https://registry.npmjs.org/ms/-/ms-2.0.0.tgz"
          }
        },
        "sliced": {
          "version": "0.0.5",
          "resolved": "https://registry.npmjs.org/sliced/-/sliced-0.0.5.tgz",
          "integrity": "sha1-XtwETKTrb3gW1Qui/GPiXY/kcH8="
        }
      }
    },
    "ms": {
      "version": "https://registry.npmjs.org/ms/-/ms-2.0.0.tgz",
      "integrity": "sha1-VgiurfwAvmwpAd9fmGF4jeDVl8g="
    },
    "muri": {
      "version": "1.3.0",
      "resolved": "https://registry.npmjs.org/muri/-/muri-1.3.0.tgz",
      "integrity": "sha512-FiaFwKl864onHFFUV/a2szAl7X0fxVlSKNdhTf+BM8i8goEgYut8u5P9MqQqIYwvaMxjzVESsoEm/2kfkFH1rg=="
    },
    "passport": {
      "version": "0.2.1",
      "resolved": "https://registry.npmjs.org/passport/-/passport-0.2.1.tgz",
      "integrity": "sha1-p9NMB7MPtgW+iF7byMk+UULjhXQ=",
      "requires": {
        "passport-strategy": "1.0.0",
        "pause": "0.0.1"
      },
      "dependencies": {
        "passport-strategy": {
          "version": "1.0.0",
          "resolved": "https://registry.npmjs.org/passport-strategy/-/passport-strategy-1.0.0.tgz",
          "integrity": "sha1-tVOaqPwiWj0a0XlHbd8ja0QPUuQ="
        },
        "pause": {
          "version": "0.0.1",
          "resolved": "https://registry.npmjs.org/pause/-/pause-0.0.1.tgz",
          "integrity": "sha1-HUCLP9t2kjuVQ9lvtMnf1TXZy10="
        }
      }
    },
    "passport-google-oauth": {
      "version": "0.2.0",
      "resolved": "https://registry.npmjs.org/passport-google-oauth/-/passport-google-oauth-0.2.0.tgz",
      "integrity": "sha1-6ah+nNO8cbCIGfpEglzFv0ZKiUo=",
      "requires": {
        "passport-oauth": "1.0.0",
        "pkginfo": "0.3.1"
      },
      "dependencies": {
        "oauth": {
          "version": "0.9.15",
          "resolved": "https://registry.npmjs.org/oauth/-/oauth-0.9.15.tgz",
          "integrity": "sha1-vR/vr2hslrdUda7VGWQS/2DPucE="
        },
        "passport-oauth": {
          "version": "1.0.0",
          "resolved": "https://registry.npmjs.org/passport-oauth/-/passport-oauth-1.0.0.tgz",
          "integrity": "sha1-kK/2M4dUDwIImvKM2tOep/gNd98=",
          "requires": {
            "passport-oauth1": "1.1.0",
            "passport-oauth2": "1.4.0"
          }
        },
        "passport-oauth1": {
          "version": "1.1.0",
          "resolved": "https://registry.npmjs.org/passport-oauth1/-/passport-oauth1-1.1.0.tgz",
          "integrity": "sha1-p96YiiEfnPRoc3cTDqdN8ycwyRg=",
          "requires": {
            "oauth": "0.9.15",
            "passport-strategy": "1.0.0",
            "utils-merge": "1.0.1"
          }
        },
        "passport-oauth2": {
          "version": "1.4.0",
          "resolved": "https://registry.npmjs.org/passport-oauth2/-/passport-oauth2-1.4.0.tgz",
          "integrity": "sha1-9i+BWDy+EmCb585vFguTlaJ7hq0=",
          "requires": {
            "oauth": "0.9.15",
            "passport-strategy": "1.0.0",
            "uid2": "0.0.3",
            "utils-merge": "1.0.1"
          }
        },
        "passport-strategy": {
          "version": "1.0.0",
          "resolved": "https://registry.npmjs.org/passport-strategy/-/passport-strategy-1.0.0.tgz",
          "integrity": "sha1-tVOaqPwiWj0a0XlHbd8ja0QPUuQ="
        },
        "pkginfo": {
          "version": "0.3.1",
          "resolved": "https://registry.npmjs.org/pkginfo/-/pkginfo-0.3.1.tgz",
          "integrity": "sha1-Wyn2qB9wcXFC4J52W76rl7T4HiE="
        },
        "uid2": {
          "version": "0.0.3",
          "resolved": "https://registry.npmjs.org/uid2/-/uid2-0.0.3.tgz",
          "integrity": "sha1-SDEm4Rd03y9xuLY53NeZw3YWK4I="
        },
        "utils-merge": {
          "version": "1.0.1",
          "resolved": "https://registry.npmjs.org/utils-merge/-/utils-merge-1.0.1.tgz",
          "integrity": "sha1-n5VxD1CiZ5R7LMwSR0HBAoQn5xM="
        }
      }
    },
    "process-nextick-args": {
      "version": "1.0.7",
      "resolved": "https://registry.npmjs.org/process-nextick-args/-/process-nextick-args-1.0.7.tgz",
      "integrity": "sha1-FQ4gt1ZZCtP5EJPyWk8q2L/zC6M="
    },
    "readable-stream": {
      "version": "2.2.7",
      "resolved": "https://registry.npmjs.org/readable-stream/-/readable-stream-2.2.7.tgz",
      "integrity": "sha1-BwV6y+JGeyIELTb5jFrVBwVOlbE=",
      "requires": {
        "buffer-shims": "1.0.0",
        "core-util-is": "1.0.2",
        "inherits": "2.0.3",
        "isarray": "1.0.0",
        "process-nextick-args": "1.0.7",
        "string_decoder": "1.0.3",
        "util-deprecate": "1.0.2"
      }
    },
    "regexp-clone": {
      "version": "0.0.1",
      "resolved": "https://registry.npmjs.org/regexp-clone/-/regexp-clone-0.0.1.tgz",
      "integrity": "sha1-p8LgmJH9vzj7sQ03b7cwA+aKxYk="
    },
    "require_optional": {
      "version": "1.0.1",
      "resolved": "https://registry.npmjs.org/require_optional/-/require_optional-1.0.1.tgz",
      "integrity": "sha512-qhM/y57enGWHAe3v/NcwML6a3/vfESLe/sGM2dII+gEO0BpKRUkWZow/tyloNqJyN6kXSl3RyyM8Ll5D/sJP8g==",
      "requires": {
        "resolve-from": "2.0.0",
        "semver": "5.4.1"
      }
    },
    "resolve-from": {
      "version": "2.0.0",
      "resolved": "https://registry.npmjs.org/resolve-from/-/resolve-from-2.0.0.tgz",
      "integrity": "sha1-lICrIOlP+h2egKgEx+oUdhGWa1c="
    },
    "safe-buffer": {
      "version": "5.1.1",
      "resolved": "https://registry.npmjs.org/safe-buffer/-/safe-buffer-5.1.1.tgz",
      "integrity": "sha512-kKvNJn6Mm93gAczWVJg7wH+wGYWNrDHdWvpUmHyEsgCtIwwo3bqPtV4tR5tuPaUhTOo/kvhVwd8XwwOllGYkbg=="
    },
    "semver": {
      "version": "5.4.1",
      "resolved": "https://registry.npmjs.org/semver/-/semver-5.4.1.tgz",
      "integrity": "sha512-WfG/X9+oATh81XtllIo/I8gOiY9EXRdv1cQdyykeXK17YcUW3EXUAi2To4pcH6nZtJPr7ZOpM5OMyWJZm+8Rsg=="
    },
    "serve-favicon": {
      "version": "2.0.0",
      "resolved": "https://registry.npmjs.org/serve-favicon/-/serve-favicon-2.0.0.tgz",
      "integrity": "sha1-XYyCVpWRTheXTNG/TmCbbPfpkjs=",
      "requires": {
        "fresh": "0.2.2"
      },
      "dependencies": {
        "fresh": {
          "version": "0.2.2",
          "resolved": "https://registry.npmjs.org/fresh/-/fresh-0.2.2.tgz",
          "integrity": "sha1-lzHc9WeMf660T7kDxPct9VGH+nc="
        }
      }
    },
    "sliced": {
      "version": "1.0.1",
      "resolved": "https://registry.npmjs.org/sliced/-/sliced-1.0.1.tgz",
      "integrity": "sha1-CzpmK10Ewxd7GSa+qCsD+Dei70E="
    },
    "string_decoder": {
      "version": "1.0.3",
      "resolved": "https://registry.npmjs.org/string_decoder/-/string_decoder-1.0.3.tgz",
      "integrity": "sha512-4AH6Z5fzNNBcH+6XDMfA/BTt87skxqJlO0lAh3Dker5zThcAxG6mKz+iGu308UKoPPQ8Dcqx/4JhujzltRa+hQ==",
      "requires": {
        "safe-buffer": "5.1.1"
      }
    },
    "util-deprecate": {
      "version": "1.0.2",
      "resolved": "https://registry.npmjs.org/util-deprecate/-/util-deprecate-1.0.2.tgz",
      "integrity": "sha1-RQ1Nyfpw3nMnYvvS1KKJgUGaDM8="
    }
  }
}
